# THIS IS AN AUTOGENERATED FILE. DO NOT EDIT THIS FILE DIRECTLY.
# yarn lockfile v1


"@webcomponents/webcomponentsjs@^2.4.3":
  version "2.4.3"
  resolved "https://registry.yarnpkg.com/@webcomponents/webcomponentsjs/-/webcomponentsjs-2.4.3.tgz#384f4f6d54563ba465fb4df21fe89e78a76fc530"
  integrity sha512-cV4+sAmshf8ysU2USutrSRYQkJzEYKHsRCGa0CkMElGpG5747VHtkfsW3NdVIBV/m2MDKXTDydT4lkrysH7IFA==

date-fns@^2.14.0:
  version "2.14.0"
  resolved "https://registry.yarnpkg.com/date-fns/-/date-fns-2.14.0.tgz#359a87a265bb34ef2e38f93ecf63ac453f9bc7ba"
  integrity sha512-1zD+68jhFgDIM0rF05rcwYO8cExdNqxjq4xP1QKM60Q45mnO6zaMWB4tOzrIr4M4GSLntsKeE4c9Bdl2jhL/yw==

decimal.js@^10.2.0:
  version "10.2.0"
  resolved "https://registry.yarnpkg.com/decimal.js/-/decimal.js-10.2.0.tgz#39466113a9e036111d02f82489b5fd6b0b5ed231"
  integrity sha512-vDPw+rDgn3bZe1+F/pyEwb1oMG2XTlRVgAa6B4KccTEpYgF8w6eQllVbQcfIJnZyvzFtFpxnpGtx8dd7DJp/Rw==

fancy-canvas@0.2.2:
  version "0.2.2"
  resolved "https://registry.yarnpkg.com/fancy-canvas/-/fancy-canvas-0.2.2.tgz#33fd4976724169a1eda5015f515a2a1302d1ec91"
  integrity sha512-50qi8xA0QkHbjmb8h7XQ6k2fvD7y/yMfiUw9YTarJ7rWrq6o5/3CCXPouYk+XSLASvvxtjyiQLRBFt3qkE3oyA==

lightweight-charts@^3.1.2:
  version "3.1.2"
  resolved "https://registry.yarnpkg.com/lightweight-charts/-/lightweight-charts-3.1.2.tgz#92c29233e0988fbd423a35875c9e43be2465cefa"
  integrity sha512-U99OxSpkIfT0gUnPFhLvm616WKFnZtyp5q0QtKpQRCXdBTQFg/DhJ23D5XmoWYV4Cux4eub6hlGjZ/BaO3Nb5Q==
  dependencies:
    fancy-canvas "0.2.2"

lit-element@^2.3.1:
  version "2.3.1"
  resolved "https://registry.yarnpkg.com/lit-element/-/lit-element-2.3.1.tgz#73343b978fa1e73d60526c6bb6ad60f53a16c343"
  integrity sha512-tOcUAmeO3BzwiQ7FGWdsshNvC0HVHcTFYw/TLIImmKwXYoV0E7zCBASa8IJ7DiP4cen/Yoj454gS0qqTnIGsFA==
  dependencies:
    lit-html "^1.1.1"

lit-html@^1.1.1:
  version "1.2.1"
  resolved "https://registry.yarnpkg.com/lit-html/-/lit-html-1.2.1.tgz#1fb933dc1e2ddc095f60b8086277d4fcd9d62cc8"
  integrity sha512-GSJHHXMGLZDzTRq59IUfL9FCdAlGfqNp/dEa7k7aBaaWD+JKaCjsAk9KYm2V12ItonVaYx2dprN66Zdm1AuBTQ==

parse-ms@^2.1.0:
  version "2.1.0"
  resolved "https://registry.yarnpkg.com/parse-ms/-/parse-ms-2.1.0.tgz#348565a753d4391fa524029956b172cb7753097d"
  integrity sha512-kHt7kzLoS9VBZfUsiKjv43mr91ea+U05EyKkEtqp7vNbHxmaVuEqN7XxeEVnGrMtYOAxGrDElSi96K7EgO1zCA==

pretty-ms@^7.0.0:
  version "7.0.0"
  resolved "https://registry.yarnpkg.com/pretty-ms/-/pretty-ms-7.0.0.tgz#45781273110caf35f55cab21a8a9bd403a233dc0"
  integrity sha512-J3aPWiC5e9ZeZFuSeBraGxSkGMOvulSWsxDByOcbD1Pr75YL3LSNIKIb52WXbCLE1sS5s4inBBbryjF4Y05Ceg==
  dependencies:
    parse-ms "^2.1.0"
